
Microsoft Visual Studio Solution File, Format Version 12.00
# Visual Studio Version 17
VisualStudioVersion = 17.5.33424.131
MinimumVisualStudioVersion = 10.0.40219.1
Project("{9A19103F-16F7-4668-BE54-9A1E7A4F7556}") = "DataAccess", "DataAccess\DataAccess.csproj", "{200AA977-A4DD-444A-8B05-8B6EF7D2825E}"
EndProject
Project("{9A19103F-16F7-4668-BE54-9A1E7A4F7556}") = "Business", "Business\Business.csproj", "{5795821E-2641-4AE8-B7FA-3AF129697B86}"
EndProject
Project("{9A19103F-16F7-4668-BE54-9A1E7A4F7556}") = "Entities", "Entities\Entities.csproj", "{6DE42DB0-CB2D-4D1B-95FD-512C03D6C2B7}"
EndProject
Project("{9A19103F-16F7-4668-BE54-9A1E7A4F7556}") = "ConsoleUI", "ConsoleUI\ConsoleUI.csproj", "{E7727F50-C91B-4064-8352-A3F2C8206931}"
EndProject
Project("{9A19103F-16F7-4668-BE54-9A1E7A4F7556}") = "Core", "Core\Core.csproj", "{E8CF5D6E-42F2-43D5-A3EF-907C3BE5FC3B}"
EndProject
Project("{9A19103F-16F7-4668-BE54-9A1E7A4F7556}") = "WebAPI", "WebAPI\WebAPI.csproj", "{C02F6B13-3097-4D5D-923E-0B20F90DCAB6}"
EndProject
Global
	GlobalSection(SolutionConfigurationPlatforms) = preSolution
		Debug|Any CPU = Debug|Any CPU
		Release|Any CPU = Release|Any CPU
	EndGlobalSection
	GlobalSection(ProjectConfigurationPlatforms) = postSolution
		{200AA977-A4DD-444A-8B05-8B6EF7D2825E}.Debug|Any CPU.ActiveCfg = Debug|Any CPU
		{200AA977-A4DD-444A-8B05-8B6EF7D2825E}.Debug|Any CPU.Build.0 = Debug|Any CPU
		{200AA977-A4DD-444A-8B05-8B6EF7D2825E}.Release|Any CPU.ActiveCfg = Release|Any CPU
		{200AA977-A4DD-444A-8B05-8B6EF7D2825E}.Release|Any CPU.Build.0 = Release|Any CPU
		{5795821E-2641-4AE8-B7FA-3AF129697B86}.Debug|Any CPU.ActiveCfg = Debug|Any CPU
		{5795821E-2641-4AE8-B7FA-3AF129697B86}.Debug|Any CPU.Build.0 = Debug|Any CPU
		{5795821E-2641-4AE8-B7FA-3AF129697B86}.Release|Any CPU.ActiveCfg = Release|Any CPU
		{5795821E-2641-4AE8-B7FA-3AF129697B86}.Release|Any CPU.Build.0 = Release|Any CPU
		{6DE42DB0-CB2D-4D1B-95FD-512C03D6C2B7}.Debug|Any CPU.ActiveCfg = Debug|Any CPU
		{6DE42DB0-CB2D-4D1B-95FD-512C03D6C2B7}.Debug|Any CPU.Build.0 = Debug|Any CPU
		{6DE42DB0-CB2D-4D1B-95FD-512C03D6C2B7}.Release|Any CPU.ActiveCfg = Release|Any CPU
		{6DE42DB0-CB2D-4D1B-95FD-512C03D6C2B7}.Release|Any CPU.Build.0 = Release|Any CPU
		{E7727F50-C91B-4064-8352-A3F2C8206931}.Debug|Any CPU.ActiveCfg = Debug|Any CPU
		{E7727F50-C91B-4064-8352-A3F2C8206931}.Debug|Any CPU.Build.0 = Debug|Any CPU
		{E7727F50-C91B-4064-8352-A3F2C8206931}.Release|Any CPU.ActiveCfg = Release|Any CPU
		{E7727F50-C91B-4064-8352-A3F2C8206931}.Release|Any CPU.Build.0 = Release|Any CPU
		{E8CF5D6E-42F2-43D5-A3EF-907C3BE5FC3B}.Debug|Any CPU.ActiveCfg = Debug|Any CPU
		{E8CF5D6E-42F2-43D5-A3EF-907C3BE5FC3B}.Debug|Any CPU.Build.0 = Debug|Any CPU
		{E8CF5D6E-42F2-43D5-A3EF-907C3BE5FC3B}.Release|Any CPU.ActiveCfg = Release|Any CPU
		{E8CF5D6E-42F2-43D5-A3EF-907C3BE5FC3B}.Release|Any CPU.Build.0 = Release|Any CPU
		{C02F6B13-3097-4D5D-923E-0B20F90DCAB6}.Debug|Any CPU.ActiveCfg = Debug|Any CPU
		{C02F6B13-3097-4D5D-923E-0B20F90DCAB6}.Debug|Any CPU.Build.0 = Debug|Any CPU
		{C02F6B13-3097-4D5D-923E-0B20F90DCAB6}.Release|Any CPU.ActiveCfg = Release|Any CPU
		{C02F6B13-3097-4D5D-923E-0B20F90DCAB6}.Release|Any CPU.Build.0 = Release|Any CPU
	EndGlobalSection
	GlobalSection(SolutionProperties) = preSolution
		HideSolutionNode = FALSE
	EndGlobalSection
	GlobalSection(ExtensibilityGlobals) = postSolution
		SolutionGuid = {EFB7695E-5860-4E53-A305-E7918EF4063B}
	EndGlobalSection
EndGlobal
